# This file is automatically @generated by Cargo.
# It is not intended for manual editing.
version = 3

[[package]]
name = "cli_parser"
version = "0.1.0"

[[package]]
name = "common"
version = "0.1.0"
dependencies = [
 "json",
 "logger",
 "rekuest",
]

[[package]]
name = "core"
version = "0.0.1"
dependencies = [
 "common",
 "db",
 "ehandle",
 "hash",
 "logger",
 "min-sqlite3-sys",
 "rekuest",
 "tiny-lz4-decoder-sys",
 "untar",
]

[[package]]
name = "db"
version = "0.1.0"
dependencies = [
 "common",
 "ehandle",
 "logger",
 "min-sqlite3-sys",
 "sql-builder",
]

[[package]]
name = "ehandle"
version = "0.1.0"
dependencies = [
 "min-sqlite3-sys",
]

[[package]]
name = "hash"
version = "0.1.0"

[[package]]
name = "json"
version = "0.1.0"

[[package]]
name = "logger"
version = "0.1.0"

[[package]]
name = "lpm"
version = "0.1.0"
dependencies = [
 "cli_parser",
 "common",
 "core",
 "db",
 "ehandle",
 "logger",
 "min-sqlite3-sys",
]

[[package]]
name = "lz4-builder"
version = "1.0.1"
source = "registry+https://github.com/rust-lang/crates.io-index"
checksum = "db72ce3d43abd8842d06aebad519b34cf804eca36bc3c2c5e723e4b3092b6ece"

[[package]]
name = "min-sqlite3-sys"
version = "1.4.0"
source = "registry+https://github.com/rust-lang/crates.io-index"
checksum = "7f81c09ec20a3c76671b22d2957c8e14588a59c263db96f6947bbca8eff4e956"
dependencies = [
 "sqlite3-builder",
]

[[package]]
name = "rekuest"
version = "0.1.0"

[[package]]
name = "sql-builder"
version = "0.1.0"

[[package]]
name = "sqlite3-builder"
version = "3.39.4"
source = "registry+https://github.com/rust-lang/crates.io-index"
checksum = "ac95059ec38b28696656dc6c984dd6a5422cf488d7290c1f9c2ea2958601ed3d"

[[package]]
name = "term"
version = "0.1.0"

[[package]]
name = "tiny-lz4-decoder-sys"
version = "1.0.1"
source = "registry+https://github.com/rust-lang/crates.io-index"
checksum = "4227f46e9c92fb1eca19a3edf29895436e1426f8c56716308c925c3e4adcdc2e"
dependencies = [
 "lz4-builder",
]

[[package]]
name = "untar"
version = "0.1.0"
